
Microsoft Visual Studio Solution File, Format Version 12.00
# Visual Studio Version 17
VisualStudioVersion = 17.5.33502.453
MinimumVisualStudioVersion = 10.0.40219.1
Project("{FAE04EC0-301F-11D3-BF4B-00C04F79EFBC}") = "Translator_Selenium", "Translator_Selenium\Translator_Selenium.csproj", "{90C80CA5-572E-421A-A678-9A66B9E0B2BB}"
EndProject
Global
	GlobalSection(SolutionConfigurationPlatforms) = preSolution
		Debug|Any CPU = Debug|Any CPU
		Release|Any CPU = Release|Any CPU
	EndGlobalSection
	GlobalSection(ProjectConfigurationPlatforms) = postSolution
		{90C80CA5-572E-421A-A678-9A66B9E0B2BB}.Debug|Any CPU.ActiveCfg = Release|Any CPU
		{90C80CA5-572E-421A-A678-9A66B9E0B2BB}.Debug|Any CPU.Build.0 = Release|Any CPU
		{90C80CA5-572E-421A-A678-9A66B9E0B2BB}.Release|Any CPU.ActiveCfg = Release|Any CPU
		{90C80CA5-572E-421A-A678-9A66B9E0B2BB}.Release|Any CPU.Build.0 = Release|Any CPU
	EndGlobalSection
	GlobalSection(SolutionProperties) = preSolution
		HideSolutionNode = FALSE
	EndGlobalSection
	GlobalSection(ExtensibilityGlobals) = postSolution
		SolutionGuid = {D445C21C-6F91-424B-83E9-BA58D0D81462}
	EndGlobalSection
EndGlobal
